
Microsoft Visual Studio Solution File, Format Version 12.00
# Visual Studio 14
VisualStudioVersion = 14.0.25123.0
MinimumVisualStudioVersion = 10.0.40219.1
Project("{FAE04EC0-301F-11D3-BF4B-00C04F79EFBC}") = "FlyToElephant", "FlyToElephant\FlyToElephant.csproj", "{C11C3670-C316-4A26-B855-EDC02094F063}"
EndProject
Project("{FAE04EC0-301F-11D3-BF4B-00C04F79EFBC}") = "FlyToElephant.Tests", "FlyToElephant.Tests\FlyToElephant.Tests.csproj", "{D427AD2C-BBD9-4CAC-8047-9B6C83C022EC}"
EndProject
Global
	GlobalSection(SolutionConfigurationPlatforms) = preSolution
		Debug|Any CPU = Debug|Any CPU
		Release|Any CPU = Release|Any CPU
	EndGlobalSection
	GlobalSection(ProjectConfigurationPlatforms) = postSolution
		{C11C3670-C316-4A26-B855-EDC02094F063}.Debug|Any CPU.ActiveCfg = Debug|Any CPU
		{C11C3670-C316-4A26-B855-EDC02094F063}.Debug|Any CPU.Build.0 = Debug|Any CPU
		{C11C3670-C316-4A26-B855-EDC02094F063}.Release|Any CPU.ActiveCfg = Release|Any CPU
		{C11C3670-C316-4A26-B855-EDC02094F063}.Release|Any CPU.Build.0 = Release|Any CPU
		{D427AD2C-BBD9-4CAC-8047-9B6C83C022EC}.Debug|Any CPU.ActiveCfg = Debug|Any CPU
		{D427AD2C-BBD9-4CAC-8047-9B6C83C022EC}.Debug|Any CPU.Build.0 = Debug|Any CPU
		{D427AD2C-BBD9-4CAC-8047-9B6C83C022EC}.Release|Any CPU.ActiveCfg = Release|Any CPU
		{D427AD2C-BBD9-4CAC-8047-9B6C83C022EC}.Release|Any CPU.Build.0 = Release|Any CPU
	EndGlobalSection
	GlobalSection(SolutionProperties) = preSolution
		HideSolutionNode = FALSE
	EndGlobalSection
EndGlobal
